Microsoft Visual Studio Solution File, Format Version 12.00
# Visual Studio Version 17
VisualStudioVersion = 17.5.2.0
MinimumVisualStudioVersion = 10.0.40219.1
Project("{FAE04EC0-301F-11D3-BF4B-00C04F79EFBC}") = "DialogTest", "DialogTest.csproj", "{C46E1C17-9A05-1B96-D789-D0762521D665}"
EndProject
Global
	GlobalSection(SolutionConfigurationPlatforms) = preSolution
		Debug|Any CPU = Debug|Any CPU
		Release|Any CPU = Release|Any CPU
	EndGlobalSection
	GlobalSection(ProjectConfigurationPlatforms) = postSolution
		{C46E1C17-9A05-1B96-D789-D0762521D665}.Debug|Any CPU.ActiveCfg = Debug|Any CPU
		{C46E1C17-9A05-1B96-D789-D0762521D665}.Debug|Any CPU.Build.0 = Debug|Any CPU
		{C46E1C17-9A05-1B96-D789-D0762521D665}.Release|Any CPU.ActiveCfg = Release|Any CPU
		{C46E1C17-9A05-1B96-D789-D0762521D665}.Release|Any CPU.Build.0 = Release|Any CPU
	EndGlobalSection
	GlobalSection(SolutionProperties) = preSolution
		HideSolutionNode = FALSE
	EndGlobalSection
	GlobalSection(ExtensibilityGlobals) = postSolution
		SolutionGuid = {BB603EF4-7E40-46CC-8A55-27C0DF06ABB6}
	EndGlobalSection
EndGlobal
